<?xml version="1.0" encoding="utf-8"?>
<Project ToolsVersion="4.0" xmlns="http://schemas.microsoft.com/developer/msbuild/2003">
  <ItemGroup>
    <Filter Include="Source Files">
      <UniqueIdentifier>{8e71ed3a-305f-4f1d-abe8-8ce4813e2e0a}</UniqueIdentifier>
      <Extensions>cpp;c;cxx;rc;def;r;odl;idl;hpj;bat</Extensions>
    </Filter>
    <Filter Include="Source Files\HGE">
      <UniqueIdentifier>{2e494f2c-7fd9-48a4-9d8b-f62bd680ebd4}</UniqueIdentifier>
    </Filter>
    <Filter Include="Source Files\TinyXML">
      <UniqueIdentifier>{2437f014-ea16-4a0d-9ad1-22aa1af24fef}</UniqueIdentifier>
    </Filter>
    <Filter Include="Header Files">
      <UniqueIdentifier>{28a56e5b-64c7-4027-89a2-b831cd261e60}</UniqueIdentifier>
      <Extensions>h;hpp;hxx;hm;inl</Extensions>
    </Filter>
    <Filter Include="Header Files\HGE">
      <UniqueIdentifier>{a008cbf6-f6cd-4a81-ab8e-b239180f0e85}</UniqueIdentifier>
    </Filter>
    <Filter Include="Misc">
      <UniqueIdentifier>{5f748f69-b768-465c-ad0f-59d2de7c0e35}</UniqueIdentifier>
    </Filter>
    <Filter Include="Unzip">
      <UniqueIdentifier>{ecf81661-2504-4fae-b585-9cbd52d4febd}</UniqueIdentifier>
    </Filter>
  </ItemGroup>
  <ItemGroup>
    <ClCompile Include="src\Encoding.cpp">
      <Filter>Source Files</Filter>
    </ClCompile>
    <ClCompile Include="src\JAnimator.cpp">
      <Filter>Source Files</Filter>
    </ClCompile>
    <ClCompile Include="src\JApp.cpp">
      <Filter>Source Files</Filter>
    </ClCompile>
    <ClCompile Include="src\JDistortionMesh.cpp">
      <Filter>Source Files</Filter>
    </ClCompile>
    <ClCompile Include="src\JFileSystem.cpp">
      <Filter>Source Files</Filter>
    </ClCompile>
    <ClCompile Include="src\JGameObject.cpp">
      <Filter>Source Files</Filter>
    </ClCompile>
    <ClCompile Include="src\JGBKFont.cpp">
      <Filter>Source Files</Filter>
    </ClCompile>
    <ClCompile Include="src\JGE.cpp">
      <Filter>Source Files</Filter>
    </ClCompile>
    <ClCompile Include="src\JGui.cpp">
      <Filter>Source Files</Filter>
    </ClCompile>
    <ClCompile Include="src\JInputSystem.cpp">
      <Filter>Source Files</Filter>
    </ClCompile>
    <ClCompile Include="src\JLBFont.cpp">
      <Filter>Source Files</Filter>
    </ClCompile>
    <ClCompile Include="src\JMD2Model.cpp">
      <Filter>Source Files</Filter>
    </ClCompile>
    <ClCompile Include="src\JOBJModel.cpp">
      <Filter>Source Files</Filter>
    </ClCompile>
    <ClCompile Include="src\JParticle.cpp">
      <Filter>Source Files</Filter>
    </ClCompile>
    <ClCompile Include="src\JParticleEffect.cpp">
      <Filter>Source Files</Filter>
    </ClCompile>
    <ClCompile Include="src\JParticleEmitter.cpp">
      <Filter>Source Files</Filter>
    </ClCompile>
    <ClCompile Include="src\JParticleSystem.cpp">
      <Filter>Source Files</Filter>
    </ClCompile>
    <ClCompile Include="src\win\JRenderer_Win.cpp">
      <Filter>Source Files</Filter>
    </ClCompile>
    <ClCompile Include="src\JResourceManager.cpp">
      <Filter>Source Files</Filter>
    </ClCompile>
    <ClCompile Include="src\win\JSoundSystem_Win.cpp">
      <Filter>Source Files</Filter>
    </ClCompile>
    <ClCompile Include="src\JSpline.cpp">
      <Filter>Source Files</Filter>
    </ClCompile>
    <ClCompile Include="src\JSprite.cpp">
      <Filter>Source Files</Filter>
    </ClCompile>
    <ClCompile Include="src\JTTFont.cpp">
      <Filter>Source Files</Filter>
    </ClCompile>
    <ClCompile Include="src\Vector2D.cpp">
      <Filter>Source Files</Filter>
    </ClCompile>
    <ClCompile Include="src\winmain.cpp">
      <Filter>Source Files</Filter>
    </ClCompile>
    <ClCompile Include="src\hge\hgecolor.cpp">
      <Filter>Source Files\HGE</Filter>
    </ClCompile>
    <ClCompile Include="src\hge\hgedistort.cpp">
      <Filter>Source Files\HGE</Filter>
    </ClCompile>
    <ClCompile Include="src\hge\hgefont.cpp">
      <Filter>Source Files\HGE</Filter>
    </ClCompile>
    <ClCompile Include="src\hge\hgeparticle.cpp">
      <Filter>Source Files\HGE</Filter>
    </ClCompile>
    <ClCompile Include="src\hge\hgepmanager.cpp">
      <Filter>Source Files\HGE</Filter>
    </ClCompile>
    <ClCompile Include="src\hge\hgerect.cpp">
      <Filter>Source Files\HGE</Filter>
    </ClCompile>
    <ClCompile Include="src\hge\hgevector.cpp">
      <Filter>Source Files\HGE</Filter>
    </ClCompile>
    <ClCompile Include="src\tinyxml\tinystr.cpp">
      <Filter>Source Files\TinyXML</Filter>
    </ClCompile>
    <ClCompile Include="src\tinyxml\tinyxml.cpp">
      <Filter>Source Files\TinyXML</Filter>
    </ClCompile>
    <ClCompile Include="src\tinyxml\tinyxmlerror.cpp">
      <Filter>Source Files\TinyXML</Filter>
    </ClCompile>
    <ClCompile Include="src\tinyxml\tinyxmlparser.cpp">
      <Filter>Source Files\TinyXML</Filter>
    </ClCompile>
    <ClCompile Include="src\unzip\ioapi.c">
      <Filter>Unzip</Filter>
    </ClCompile>
    <ClCompile Include="src\unzip\mztools.c">
      <Filter>Unzip</Filter>
    </ClCompile>
    <ClCompile Include="src\unzip\unzip.c">
      <Filter>Unzip</Filter>
    </ClCompile>
  </ItemGroup>
  <ItemGroup>
    <ClInclude Include="src\tinyxml\tinystr.h">
      <Filter>Source Files\TinyXML</Filter>
    </ClInclude>
    <ClInclude Include="src\tinyxml\tinyxml.h">
      <Filter>Source Files\TinyXML</Filter>
    </ClInclude>
    <ClInclude Include="include\decoder_prx.h">
      <Filter>Header Files</Filter>
    </ClInclude>
    <ClInclude Include="include\Encoding.h">
      <Filter>Header Files</Filter>
    </ClInclude>
    <ClInclude Include="include\JAnimator.h">
      <Filter>Header Files</Filter>
    </ClInclude>
    <ClInclude Include="include\JApp.h">
      <Filter>Header Files</Filter>
    </ClInclude>
    <ClInclude Include="include\JAssert.h">
      <Filter>Header Files</Filter>
    </ClInclude>
    <ClInclude Include="include\JAudio.h">
      <Filter>Header Files</Filter>
    </ClInclude>
    <ClInclude Include="include\JDistortionMesh.h">
      <Filter>Header Files</Filter>
    </ClInclude>
    <ClInclude Include="include\JFileSystem.h">
      <Filter>Header Files</Filter>
    </ClInclude>
    <ClInclude Include="include\JGameLauncher.h">
      <Filter>Header Files</Filter>
    </ClInclude>
    <ClInclude Include="include\JGameObject.h">
      <Filter>Header Files</Filter>
    </ClInclude>
    <ClInclude Include="include\JGBKFont.h">
      <Filter>Header Files</Filter>
    </ClInclude>
    <ClInclude Include="include\JGE.h">
      <Filter>Header Files</Filter>
    </ClInclude>
    <ClInclude Include="include\JGui.h">
      <Filter>Header Files</Filter>
    </ClInclude>
    <ClInclude Include="include\JInputSystem.h">
      <Filter>Header Files</Filter>
    </ClInclude>
    <ClInclude Include="include\JLBFont.h">
      <Filter>Header Files</Filter>
    </ClInclude>
    <ClInclude Include="include\JMD2Model.h">
      <Filter>Header Files</Filter>
    </ClInclude>
    <ClInclude Include="include\JOBJModel.h">
      <Filter>Header Files</Filter>
    </ClInclude>
    <ClInclude Include="include\JParticle.h">
      <Filter>Header Files</Filter>
    </ClInclude>
    <ClInclude Include="include\JParticleEffect.h">
      <Filter>Header Files</Filter>
    </ClInclude>
    <ClInclude Include="include\JParticleEmitter.h">
      <Filter>Header Files</Filter>
    </ClInclude>
    <ClInclude Include="include\JParticleSystem.h">
      <Filter>Header Files</Filter>
    </ClInclude>
    <ClInclude Include="include\JRenderer.h">
      <Filter>Header Files</Filter>
    </ClInclude>
    <ClInclude Include="include\JResourceManager.h">
      <Filter>Header Files</Filter>
    </ClInclude>
    <ClInclude Include="include\JSoundSystem.h">
      <Filter>Header Files</Filter>
    </ClInclude>
    <ClInclude Include="include\JSpline.h">
      <Filter>Header Files</Filter>
    </ClInclude>
    <ClInclude Include="include\JSprite.h">
      <Filter>Header Files</Filter>
    </ClInclude>
    <ClInclude Include="include\JTTFont.h">
      <Filter>Header Files</Filter>
    </ClInclude>
    <ClInclude Include="include\JTypes.h">
      <Filter>Header Files</Filter>
    </ClInclude>
    <ClInclude Include="include\Vector2D.h">
      <Filter>Header Files</Filter>
    </ClInclude>
    <ClInclude Include="include\Vector3D.h">
      <Filter>Header Files</Filter>
    </ClInclude>
    <ClInclude Include="include\vram.h">
      <Filter>Header Files</Filter>
    </ClInclude>
    <ClInclude Include="include\hge\hgecolor.h">
      <Filter>Header Files\HGE</Filter>
    </ClInclude>
    <ClInclude Include="include\hge\hgedistort.h">
      <Filter>Header Files\HGE</Filter>
    </ClInclude>
    <ClInclude Include="include\hge\hgefont.h">
      <Filter>Header Files\HGE</Filter>
    </ClInclude>
    <ClInclude Include="include\hge\hgeparticle.h">
      <Filter>Header Files\HGE</Filter>
    </ClInclude>
    <ClInclude Include="include\hge\hgerect.h">
      <Filter>Header Files\HGE</Filter>
    </ClInclude>
    <ClInclude Include="include\hge\hgevector.h">
      <Filter>Header Files\HGE</Filter>
    </ClInclude>
    <ClInclude Include="src\unzip\crypt.h">
      <Filter>Unzip</Filter>
    </ClInclude>
    <ClInclude Include="src\unzip\ioapi.h">
      <Filter>Unzip</Filter>
    </ClInclude>
    <ClInclude Include="src\unzip\mztools.h">
      <Filter>Unzip</Filter>
    </ClInclude>
    <ClInclude Include="src\unzip\unzip.h">
      <Filter>Unzip</Filter>
    </ClInclude>
  </ItemGroup>
  <ItemGroup>
    <None Include="Makefile">
      <Filter>Misc</Filter>
    </None>
    <None Include="Makefile.1xx">
      <Filter>Misc</Filter>
    </None>
    <None Include="Makefile.3xx">
      <Filter>Misc</Filter>
    </None>
    <None Include="Makefile.hge">
      <Filter>Misc</Filter>
    </None>
    <None Include="readme.txt">
      <Filter>Misc</Filter>
    </None>
    <None Include="..\Tutorials\02.RenderingImages\Images.sln" />
  </ItemGroup>
</Project>